
Microsoft Visual Studio Solution File, Format Version 12.00
# Visual Studio 15
VisualStudioVersion = 15.0.28307.572
MinimumVisualStudioVersion = 10.0.40219.1
Project("{FAE04EC0-301F-11D3-BF4B-00C04F79EFBC}") = "LoyaltyMiddleware", "LoyaltyMiddleware\LoyaltyMiddleware.csproj", "{47D7E015-A1E0-4365-8103-8DD219A8DF49}"
EndProject
Global
	GlobalSection(SolutionConfigurationPlatforms) = preSolution
		Debug|Any CPU = Debug|Any CPU
		Release|Any CPU = Release|Any CPU
	EndGlobalSection
	GlobalSection(ProjectConfigurationPlatforms) = postSolution
		{47D7E015-A1E0-4365-8103-8DD219A8DF49}.Debug|Any CPU.ActiveCfg = Debug|Any CPU
		{47D7E015-A1E0-4365-8103-8DD219A8DF49}.Debug|Any CPU.Build.0 = Debug|Any CPU
		{47D7E015-A1E0-4365-8103-8DD219A8DF49}.Release|Any CPU.ActiveCfg = Release|Any CPU
		{47D7E015-A1E0-4365-8103-8DD219A8DF49}.Release|Any CPU.Build.0 = Release|Any CPU
	EndGlobalSection
	GlobalSection(SolutionProperties) = preSolution
		HideSolutionNode = FALSE
	EndGlobalSection
	GlobalSection(ExtensibilityGlobals) = postSolution
		SolutionGuid = {2C10BB47-C390-4748-8C64-9CD4E616D497}
	EndGlobalSection
EndGlobal
